{
  "nodes": {
    "nixpkgs": {
      "locked": {
        "lastModified": 1607543509,
        "narHash": "sha256-jofrEbhSfROEt6UXyjpdXrRWieqjQoOfJVptlEClHXI=",
        "owner": "nixos",
        "repo": "nixpkgs",
        "rev": "65c9cc79f1d179713c227bf447fb0dac384cdcda",
        "type": "github"
      },
      "original": {
        "owner": "nixos",
        "ref": "nixos-20.09",
        "repo": "nixpkgs",
        "type": "github"
      }
    },
    "root": {
      "inputs": {
        "nixpkgs": "nixpkgs"
      }
    }
  },
  "root": "root",
  "version": 7
}
